
Microsoft Visual Studio Solution File, Format Version 12.00
# Visual Studio Version 16
VisualStudioVersion = 16.0.34301.259
MinimumVisualStudioVersion = 10.0.40219.1
Project("{FAE04EC0-301F-11D3-BF4B-00C04F79EFBC}") = "ConsoleCsharp", "ConsoleCsharp\ConsoleCsharp.csproj", "{958FE534-AD53-44C6-9E3E-894461DF364F}"
EndProject
Global
	GlobalSection(SolutionConfigurationPlatforms) = preSolution
		Debug|Any CPU = Debug|Any CPU
		Release|Any CPU = Release|Any CPU
	EndGlobalSection
	GlobalSection(ProjectConfigurationPlatforms) = postSolution
		{958FE534-AD53-44C6-9E3E-894461DF364F}.Debug|Any CPU.ActiveCfg = Debug|Any CPU
		{958FE534-AD53-44C6-9E3E-894461DF364F}.Debug|Any CPU.Build.0 = Debug|Any CPU
		{958FE534-AD53-44C6-9E3E-894461DF364F}.Release|Any CPU.ActiveCfg = Release|Any CPU
		{958FE534-AD53-44C6-9E3E-894461DF364F}.Release|Any CPU.Build.0 = Release|Any CPU
	EndGlobalSection
	GlobalSection(SolutionProperties) = preSolution
		HideSolutionNode = FALSE
	EndGlobalSection
	GlobalSection(ExtensibilityGlobals) = postSolution
		SolutionGuid = {9454A2F8-7EB3-44CF-8854-42D8279185BB}
	EndGlobalSection
EndGlobal
